
Microsoft Visual Studio Solution File, Format Version 11.00
# Visual Studio 2010
Project("{FAE04EC0-301F-11D3-BF4B-00C04F79EFBC}") = "Assembly-CSharp", "Assembly-CSharp.csproj", "{659df9d3-58e5-725f-d77e-3734280ccbb2}"
EndProject
Project("{FAE04EC0-301F-11D3-BF4B-00C04F79EFBC}") = "Assembly-CSharp-Editor", "Assembly-CSharp-Editor.csproj", "{b11c4fa3-43ac-8bcf-9d6a-0b2e1113ef1f}"
EndProject
Global
	GlobalSection(SolutionConfigurationPlatforms) = preSolution
		Debug|Any CPU = Debug|Any CPU
	EndGlobalSection
	GlobalSection(ProjectConfigurationPlatforms) = postSolution
		{659df9d3-58e5-725f-d77e-3734280ccbb2}.Debug|Any CPU.ActiveCfg = Debug|Any CPU
		{659df9d3-58e5-725f-d77e-3734280ccbb2}.Debug|Any CPU.Build.0 = Debug|Any CPU
		{b11c4fa3-43ac-8bcf-9d6a-0b2e1113ef1f}.Debug|Any CPU.ActiveCfg = Debug|Any CPU
		{b11c4fa3-43ac-8bcf-9d6a-0b2e1113ef1f}.Debug|Any CPU.Build.0 = Debug|Any CPU
	EndGlobalSection
	GlobalSection(SolutionProperties) = preSolution
		HideSolutionNode = FALSE
	EndGlobalSection
EndGlobal
